{
  "name": "Flask_birthdate_calendar",
  "lockfileVersion": 2,
  "requires": true,
  "packages": {
    "": {
      "dependencies": {
        "@revolist/revogrid": "^3.1.8",
        "express-static": "^1.2.6",
        "jquery": "^3.6.0"
      }
    },
    "node_modules/@revolist/revogrid": {
      "version": "3.1.8",
      "resolved": "https://registry.npmjs.org/@revolist/revogrid/-/revogrid-3.1.8.tgz",
      "integrity": "sha512-OwlrrOGl9/UcZZNcxIM76rahpSa1Lj7Zyhf3yjtTUZ9xf8nAMCJmN7AhZoi27PpKTSZW47qj2svEgv+ZtMMByA=="
    },
    "node_modules/express-static": {
      "version": "1.2.6",
      "resolved": "https://registry.npmjs.org/express-static/-/express-static-1.2.6.tgz",
      "integrity": "sha512-pmp8fSe+bCxGCTk5+X6HzIF2APYMvrAq3Y7sT/WOELc0JZZxJhMTVgCbxcoUgMRBSqnQ9EfTw/Uv3J1ONoIAuA==",
      "dependencies": {
        "mime2": "latest"
      },
      "bin": {
        "express-static": "bin/server.js"
      }
    },
    "node_modules/jquery": {
      "version": "3.6.0",
      "resolved": "https://registry.npmjs.org/jquery/-/jquery-3.6.0.tgz",
      "integrity": "sha512-JVzAR/AjBvVt2BmYhxRCSYysDsPcssdmTFnzyLEts9qNwmjmu4JTAMYubEfwVOSwpQ1I1sKKFcxhZCI2buerfw=="
    },
    "node_modules/mime2": {
      "version": "0.0.11",
      "resolved": "https://registry.npmjs.org/mime2/-/mime2-0.0.11.tgz",
      "integrity": "sha512-Ch599Y8U4vUgG9AaQgLEnIdXRRLoZPfjAdWFDLYePBEJS1nsS43H2pzbZn0u8lkbYx+yInuKxLsUEgM3fa9ZLQ=="
    }
  },
  "dependencies": {
    "@revolist/revogrid": {
      "version": "3.1.8",
      "resolved": "https://registry.npmjs.org/@revolist/revogrid/-/revogrid-3.1.8.tgz",
      "integrity": "sha512-OwlrrOGl9/UcZZNcxIM76rahpSa1Lj7Zyhf3yjtTUZ9xf8nAMCJmN7AhZoi27PpKTSZW47qj2svEgv+ZtMMByA=="
    },
    "express-static": {
      "version": "1.2.6",
      "resolved": "https://registry.npmjs.org/express-static/-/express-static-1.2.6.tgz",
      "integrity": "sha512-pmp8fSe+bCxGCTk5+X6HzIF2APYMvrAq3Y7sT/WOELc0JZZxJhMTVgCbxcoUgMRBSqnQ9EfTw/Uv3J1ONoIAuA==",
      "requires": {
        "mime2": "latest"
      }
    },
    "jquery": {
      "version": "3.6.0",
      "resolved": "https://registry.npmjs.org/jquery/-/jquery-3.6.0.tgz",
      "integrity": "sha512-JVzAR/AjBvVt2BmYhxRCSYysDsPcssdmTFnzyLEts9qNwmjmu4JTAMYubEfwVOSwpQ1I1sKKFcxhZCI2buerfw=="
    },
    "mime2": {
      "version": "0.0.11",
      "resolved": "https://registry.npmjs.org/mime2/-/mime2-0.0.11.tgz",
      "integrity": "sha512-Ch599Y8U4vUgG9AaQgLEnIdXRRLoZPfjAdWFDLYePBEJS1nsS43H2pzbZn0u8lkbYx+yInuKxLsUEgM3fa9ZLQ=="
    }
  }
}
